{
  "object": {
    "pins": [
      {
        "package": "DVR",
        "repositoryURL": "https://github.com/venmo/DVR",
        "state": {
          "branch": null,
          "revision": "d13f7135d1993053580efe13c9ecc43200852d09",
          "version": "2.1.0"
        }
      },
      {
        "package": "SwiftyJSON",
        "repositoryURL": "https://github.com/SwiftyJSON/SwiftyJSON.git",
        "state": {
          "branch": null,
          "revision": "2b6054efa051565954e1d2b9da831680026cd768",
          "version": "4.3.0"
        }
      }
    ]
  },
  "version": 1
}
